// !$*UTF8*$!
{
	archiveVersion = 1;
	classes = {
	};
	objectVersion = 46;
	objects = {

/* Begin PBXBuildFile section */
		BB0B2C141A57133000AC7D50 /* GlassBreaking.m4a in Resources */ = {isa = PBXBuildFile; fileRef = BB0B2C131A57133000AC7D50 /* GlassBreaking.m4a */; };
		BB0EF3FC1B44EEB600C6AAD5 /* RedParticle.sks in Resources */ = {isa = PBXBuildFile; fileRef = BB0EF3FB1B44EEB600C6AAD5 /* RedParticle.sks */; };
		BB0EF3FE1B45089500C6AAD5 /* Powerup3.wav in Resources */ = {isa = PBXBuildFile; fileRef = BB0EF3FD1B45089500C6AAD5 /* Powerup3.wav */; };
		BB26681B1B44EA84006AFBBE /* GreenParticle.sks in Resources */ = {isa = PBXBuildFile; fileRef = BB2668191B44EA84006AFBBE /* GreenParticle.sks */; };
		BB26681C1B44EA84006AFBBE /* bokeh.png in Resources */ = {isa = PBXBuildFile; fileRef = BB26681A1B44EA84006AFBBE /* bokeh.png */; };
		BB2B99101A609530000E0797 /* UIImage+Mask.m in Sources */ = {isa = PBXBuildFile; fileRef = BB2B990E1A609530000E0797 /* UIImage+Mask.m */; };
		BB2B99141A60DBBA000E0797 /* 25_mask.png in Resources */ = {isa = PBXBuildFile; fileRef = BB2B99131A60DBBA000E0797 /* 25_mask.png */; };
		BB2F652B1A4F3FEE00E4AD79 /* main.m in Sources */ = {isa = PBXBuildFile; fileRef = BB2F652A1A4F3FEE00E4AD79 /* main.m */; };
		BB2F652E1A4F3FEE00E4AD79 /* AppDelegate.m in Sources */ = {isa = PBXBuildFile; fileRef = BB2F652D1A4F3FEE00E4AD79 /* AppDelegate.m */; };
		BB2F65311A4F3FEE00E4AD79 /* GameScene.m in Sources */ = {isa = PBXBuildFile; fileRef = BB2F65301A4F3FEE00E4AD79 /* GameScene.m */; };
		BB2F65331A4F3FEE00E4AD79 /* GameScene.sks in Resources */ = {isa = PBXBuildFile; fileRef = BB2F65321A4F3FEE00E4AD79 /* GameScene.sks */; };
		BB2F65361A4F3FEE00E4AD79 /* GameViewController.m in Sources */ = {isa = PBXBuildFile; fileRef = BB2F65351A4F3FEE00E4AD79 /* GameViewController.m */; };
		BB2F65391A4F3FEE00E4AD79 /* Main.storyboard in Resources */ = {isa = PBXBuildFile; fileRef = BB2F65371A4F3FEE00E4AD79 /* Main.storyboard */; };
		BB2F653B1A4F3FEE00E4AD79 /* Images.xcassets in Resources */ = {isa = PBXBuildFile; fileRef = BB2F653A1A4F3FEE00E4AD79 /* Images.xcassets */; };
		BB2F653E1A4F3FEE00E4AD79 /* LaunchScreen.xib in Resources */ = {isa = PBXBuildFile; fileRef = BB2F653C1A4F3FEE00E4AD79 /* LaunchScreen.xib */; };
		BB2F654A1A4F3FEE00E4AD79 /* GreenRedBlackGameTests.m in Sources */ = {isa = PBXBuildFile; fileRef = BB2F65491A4F3FEE00E4AD79 /* GreenRedBlackGameTests.m */; };
		BB2F65571A4FBB3C00E4AD79 /* menuViewController.m in Sources */ = {isa = PBXBuildFile; fileRef = BB2F65561A4FBB3C00E4AD79 /* menuViewController.m */; };
		BB41C5921A565480009280DA /* LoseScene.sks in Resources */ = {isa = PBXBuildFile; fileRef = BB41C5911A565480009280DA /* LoseScene.sks */; };
		BB41C5951A5654C4009280DA /* LoseScene.m in Sources */ = {isa = PBXBuildFile; fileRef = BB41C5941A5654C4009280DA /* LoseScene.m */; };
		BB41C5981A567AA4009280DA /* RWGameData.m in Sources */ = {isa = PBXBuildFile; fileRef = BB41C5971A567AA4009280DA /* RWGameData.m */; };
		BB41C59B1A569032009280DA /* AVFoundation.framework in Frameworks */ = {isa = PBXBuildFile; fileRef = BB41C59A1A569032009280DA /* AVFoundation.framework */; };
		BB41C59D1A56980B009280DA /* ClickSound.wav in Resources */ = {isa = PBXBuildFile; fileRef = BB41C59C1A56980B009280DA /* ClickSound.wav */; };
		BB5612761A560DDE00897598 /* MenuScene.sks in Resources */ = {isa = PBXBuildFile; fileRef = BB5612751A560DDE00897598 /* MenuScene.sks */; };
		BB56127D1A56427C00897598 /* MenuScene.m in Sources */ = {isa = PBXBuildFile; fileRef = BB56127C1A56427C00897598 /* MenuScene.m */; };
		BB630F2E1B41E0B400E83319 /* Social.framework in Frameworks */ = {isa = PBXBuildFile; fileRef = BB630F2D1B41E0B400E83319 /* Social.framework */; };
		BB630F301B41E61200E83319 /* GameKit.framework in Frameworks */ = {isa = PBXBuildFile; fileRef = BB630F2F1B41E61200E83319 /* GameKit.framework */; };
		BB630F441B42420E00E83319 /* Panton-Black.otf in Resources */ = {isa = PBXBuildFile; fileRef = BB630F3B1B42420E00E83319 /* Panton-Black.otf */; };
		BB630F451B42420E00E83319 /* Panton-Bold.otf in Resources */ = {isa = PBXBuildFile; fileRef = BB630F3C1B42420E00E83319 /* Panton-Bold.otf */; };
		BB630F461B42420E00E83319 /* Panton-ExtraBold.otf in Resources */ = {isa = PBXBuildFile; fileRef = BB630F3D1B42420E00E83319 /* Panton-ExtraBold.otf */; };
		BB630F471B42420E00E83319 /* Panton-ExtraLight.otf in Resources */ = {isa = PBXBuildFile; fileRef = BB630F3E1B42420E00E83319 /* Panton-ExtraLight.otf */; };
		BB630F481B42420E00E83319 /* Panton-Heavy.otf in Resources */ = {isa = PBXBuildFile; fileRef = BB630F3F1B42420E00E83319 /* Panton-Heavy.otf */; };
		BB630F491B42420E00E83319 /* Panton-Light.otf in Resources */ = {isa = PBXBuildFile; fileRef = BB630F401B42420E00E83319 /* Panton-Light.otf */; };
		BB630F4A1B42420E00E83319 /* Panton-Regular.otf in Resources */ = {isa = PBXBuildFile; fileRef = BB630F411B42420E00E83319 /* Panton-Regular.otf */; };
		BB630F4B1B42420E00E83319 /* Panton-SemiBold.otf in Resources */ = {isa = PBXBuildFile; fileRef = BB630F421B42420E00E83319 /* Panton-SemiBold.otf */; };
		BB630F4C1B42420E00E83319 /* Panton-Thin.otf in Resources */ = {isa = PBXBuildFile; fileRef = BB630F431B42420E00E83319 /* Panton-Thin.otf */; };
		BBE0DF3D1A578A9900CDDABA /* partnersinrhyme_CLICK13A.mp3 in Resources */ = {isa = PBXBuildFile; fileRef = BBE0DF3C1A578A9900CDDABA /* partnersinrhyme_CLICK13A.mp3 */; };
		BBE0DF401A57932E00CDDABA /* FartSound.mp3 in Resources */ = {isa = PBXBuildFile; fileRef = BBE0DF3E1A57932E00CDDABA /* FartSound.mp3 */; };
		BBE0DF411A57932E00CDDABA /* Powerup20.wav in Resources */ = {isa = PBXBuildFile; fileRef = BBE0DF3F1A57932E00CDDABA /* Powerup20.wav */; };
/* End PBXBuildFile section */

/* Begin PBXContainerItemProxy section */
		BB2F65441A4F3FEE00E4AD79 /* PBXContainerItemProxy */ = {
			isa = PBXContainerItemProxy;
			containerPortal = BB2F651D1A4F3FEE00E4AD79 /* Project object */;
			proxyType = 1;
			remoteGlobalIDString = BB2F65241A4F3FEE00E4AD79;
			remoteInfo = GreenRedBlackGame;
		};
/* End PBXContainerItemProxy section */

/* Begin PBXFileReference section */
		BB0B2C131A57133000AC7D50 /* GlassBreaking.m4a */ = {isa = PBXFileReference; lastKnownFileType = file; path = GlassBreaking.m4a; sourceTree = "<group>"; };
		BB0EF3FB1B44EEB600C6AAD5 /* RedParticle.sks */ = {isa = PBXFileReference; lastKnownFileType = file.sks; path = RedParticle.sks; sourceTree = "<group>"; };
		BB0EF3FD1B45089500C6AAD5 /* Powerup3.wav */ = {isa = PBXFileReference; lastKnownFileType = audio.wav; path = Powerup3.wav; sourceTree = "<group>"; };
		BB2668191B44EA84006AFBBE /* GreenParticle.sks */ = {isa = PBXFileReference; lastKnownFileType = file.sks; path = GreenParticle.sks; sourceTree = "<group>"; };
		BB26681A1B44EA84006AFBBE /* bokeh.png */ = {isa = PBXFileReference; lastKnownFileType = image.png; path = bokeh.png; sourceTree = "<group>"; };
		BB2B990D1A609530000E0797 /* UIImage+Mask.h */ = {isa = PBXFileReference; fileEncoding = 4; lastKnownFileType = sourcecode.c.h; path = "UIImage+Mask.h"; sourceTree = "<group>"; };
		BB2B990E1A609530000E0797 /* UIImage+Mask.m */ = {isa = PBXFileReference; fileEncoding = 4; lastKnownFileType = sourcecode.c.objc; path = "UIImage+Mask.m"; sourceTree = "<group>"; };
		BB2B99131A60DBBA000E0797 /* 25_mask.png */ = {isa = PBXFileReference; lastKnownFileType = image.png; name = 25_mask.png; path = ../25_mask.png; sourceTree = "<group>"; };
		BB2F65251A4F3FEE00E4AD79 /* GreenRedBlackGame.app */ = {isa = PBXFileReference; explicitFileType = wrapper.application; includeInIndex = 0; path = GreenRedBlackGame.app; sourceTree = BUILT_PRODUCTS_DIR; };
		BB2F65291A4F3FEE00E4AD79 /* Info.plist */ = {isa = PBXFileReference; lastKnownFileType = text.plist.xml; path = Info.plist; sourceTree = "<group>"; };
		BB2F652A1A4F3FEE00E4AD79 /* main.m */ = {isa = PBXFileReference; lastKnownFileType = sourcecode.c.objc; path = main.m; sourceTree = "<group>"; };
		BB2F652C1A4F3FEE00E4AD79 /* AppDelegate.h */ = {isa = PBXFileReference; lastKnownFileType = sourcecode.c.h; path = AppDelegate.h; sourceTree = "<group>"; };
		BB2F652D1A4F3FEE00E4AD79 /* AppDelegate.m */ = {isa = PBXFileReference; lastKnownFileType = sourcecode.c.objc; path = AppDelegate.m; sourceTree = "<group>"; };
		BB2F652F1A4F3FEE00E4AD79 /* GameScene.h */ = {isa = PBXFileReference; lastKnownFileType = sourcecode.c.h; path = GameScene.h; sourceTree = "<group>"; };
		BB2F65301A4F3FEE00E4AD79 /* GameScene.m */ = {isa = PBXFileReference; lastKnownFileType = sourcecode.c.objc; path = GameScene.m; sourceTree = "<group>"; };
		BB2F65321A4F3FEE00E4AD79 /* GameScene.sks */ = {isa = PBXFileReference; lastKnownFileType = file.sks; path = GameScene.sks; sourceTree = "<group>"; };
		BB2F65341A4F3FEE00E4AD79 /* GameViewController.h */ = {isa = PBXFileReference; lastKnownFileType = sourcecode.c.h; path = GameViewController.h; sourceTree = "<group>"; };
		BB2F65351A4F3FEE00E4AD79 /* GameViewController.m */ = {isa = PBXFileReference; lastKnownFileType = sourcecode.c.objc; path = GameViewController.m; sourceTree = "<group>"; };
		BB2F65381A4F3FEE00E4AD79 /* Base */ = {isa = PBXFileReference; lastKnownFileType = file.storyboard; name = Base; path = Base.lproj/Main.storyboard; sourceTree = "<group>"; };
		BB2F653A1A4F3FEE00E4AD79 /* Images.xcassets */ = {isa = PBXFileReference; lastKnownFileType = folder.assetcatalog; path = Images.xcassets; sourceTree = "<group>"; };
		BB2F653D1A4F3FEE00E4AD79 /* Base */ = {isa = PBXFileReference; lastKnownFileType = file.xib; name = Base; path = Base.lproj/LaunchScreen.xib; sourceTree = "<group>"; };
		BB2F65431A4F3FEE00E4AD79 /* GreenRedBlackGameTests.xctest */ = {isa = PBXFileReference; explicitFileType = wrapper.cfbundle; includeInIndex = 0; path = GreenRedBlackGameTests.xctest; sourceTree = BUILT_PRODUCTS_DIR; };
		BB2F65481A4F3FEE00E4AD79 /* Info.plist */ = {isa = PBXFileReference; lastKnownFileType = text.plist.xml; path = Info.plist; sourceTree = "<group>"; };
		BB2F65491A4F3FEE00E4AD79 /* GreenRedBlackGameTests.m */ = {isa = PBXFileReference; lastKnownFileType = sourcecode.c.objc; path = GreenRedBlackGameTests.m; sourceTree = "<group>"; };
		BB2F65551A4FBB3C00E4AD79 /* menuViewController.h */ = {isa = PBXFileReference; fileEncoding = 4; lastKnownFileType = sourcecode.c.h; path = menuViewController.h; sourceTree = "<group>"; };
		BB2F65561A4FBB3C00E4AD79 /* menuViewController.m */ = {isa = PBXFileReference; fileEncoding = 4; lastKnownFileType = sourcecode.c.objc; path = menuViewController.m; sourceTree = "<group>"; };
		BB41C5911A565480009280DA /* LoseScene.sks */ = {isa = PBXFileReference; lastKnownFileType = file.sks; path = LoseScene.sks; sourceTree = "<group>"; };
		BB41C5931A5654C4009280DA /* LoseScene.h */ = {isa = PBXFileReference; fileEncoding = 4; lastKnownFileType = sourcecode.c.h; path = LoseScene.h; sourceTree = "<group>"; };
		BB41C5941A5654C4009280DA /* LoseScene.m */ = {isa = PBXFileReference; fileEncoding = 4; lastKnownFileType = sourcecode.c.objc; path = LoseScene.m; sourceTree = "<group>"; };
		BB41C5961A567AA4009280DA /* RWGameData.h */ = {isa = PBXFileReference; fileEncoding = 4; lastKnownFileType = sourcecode.c.h; path = RWGameData.h; sourceTree = "<group>"; };
		BB41C5971A567AA4009280DA /* RWGameData.m */ = {isa = PBXFileReference; fileEncoding = 4; lastKnownFileType = sourcecode.c.objc; path = RWGameData.m; sourceTree = "<group>"; };
		BB41C59A1A569032009280DA /* AVFoundation.framework */ = {isa = PBXFileReference; lastKnownFileType = wrapper.framework; name = AVFoundation.framework; path = System/Library/Frameworks/AVFoundation.framework; sourceTree = SDKROOT; };
		BB41C59C1A56980B009280DA /* ClickSound.wav */ = {isa = PBXFileReference; lastKnownFileType = audio.wav; path = ClickSound.wav; sourceTree = "<group>"; };
		BB5612751A560DDE00897598 /* MenuScene.sks */ = {isa = PBXFileReference; lastKnownFileType = file.sks; path = MenuScene.sks; sourceTree = "<group>"; };
		BB5612771A560E4900897598 /* SpriteKit.framework */ = {isa = PBXFileReference; lastKnownFileType = wrapper.framework; name = SpriteKit.framework; path = System/Library/Frameworks/SpriteKit.framework; sourceTree = SDKROOT; };
		BB5612791A560E7B00897598 /* SceneKit.framework */ = {isa = PBXFileReference; lastKnownFileType = wrapper.framework; name = SceneKit.framework; path = System/Library/Frameworks/SceneKit.framework; sourceTree = SDKROOT; };
		BB56127B1A56427C00897598 /* MenuScene.h */ = {isa = PBXFileReference; fileEncoding = 4; lastKnownFileType = sourcecode.c.h; path = MenuScene.h; sourceTree = "<group>"; };
		BB56127C1A56427C00897598 /* MenuScene.m */ = {isa = PBXFileReference; fileEncoding = 4; lastKnownFileType = sourcecode.c.objc; path = MenuScene.m; sourceTree = "<group>"; };
		BB630F2D1B41E0B400E83319 /* Social.framework */ = {isa = PBXFileReference; lastKnownFileType = wrapper.framework; name = Social.framework; path = System/Library/Frameworks/Social.framework; sourceTree = SDKROOT; };
		BB630F2F1B41E61200E83319 /* GameKit.framework */ = {isa = PBXFileReference; lastKnownFileType = wrapper.framework; name = GameKit.framework; path = System/Library/Frameworks/GameKit.framework; sourceTree = SDKROOT; };
		BB630F3B1B42420E00E83319 /* Panton-Black.otf */ = {isa = PBXFileReference; lastKnownFileType = file; name = "Panton-Black.otf"; path = "GreenRedBlackGame/Panton-Black.otf"; sourceTree = "<group>"; };
		BB630F3C1B42420E00E83319 /* Panton-Bold.otf */ = {isa = PBXFileReference; lastKnownFileType = file; name = "Panton-Bold.otf"; path = "GreenRedBlackGame/Panton-Bold.otf"; sourceTree = "<group>"; };
		BB630F3D1B42420E00E83319 /* Panton-ExtraBold.otf */ = {isa = PBXFileReference; lastKnownFileType = file; name = "Panton-ExtraBold.otf"; path = "GreenRedBlackGame/Panton-ExtraBold.otf"; sourceTree = "<group>"; };
		BB630F3E1B42420E00E83319 /* Panton-ExtraLight.otf */ = {isa = PBXFileReference; lastKnownFileType = file; name = "Panton-ExtraLight.otf"; path = "GreenRedBlackGame/Panton-ExtraLight.otf"; sourceTree = "<group>"; };
		BB630F3F1B42420E00E83319 /* Panton-Heavy.otf */ = {isa = PBXFileReference; lastKnownFileType = file; name = "Panton-Heavy.otf"; path = "GreenRedBlackGame/Panton-Heavy.otf"; sourceTree = "<group>"; };
		BB630F401B42420E00E83319 /* Panton-Light.otf */ = {isa = PBXFileReference; lastKnownFileType = file; name = "Panton-Light.otf"; path = "GreenRedBlackGame/Panton-Light.otf"; sourceTree = "<group>"; };
		BB630F411B42420E00E83319 /* Panton-Regular.otf */ = {isa = PBXFileReference; lastKnownFileType = file; name = "Panton-Regular.otf"; path = "GreenRedBlackGame/Panton-Regular.otf"; sourceTree = "<group>"; };
		BB630F421B42420E00E83319 /* Panton-SemiBold.otf */ = {isa = PBXFileReference; lastKnownFileType = file; name = "Panton-SemiBold.otf"; path = "GreenRedBlackGame/Panton-SemiBold.otf"; sourceTree = "<group>"; };
		BB630F431B42420E00E83319 /* Panton-Thin.otf */ = {isa = PBXFileReference; lastKnownFileType = file; name = "Panton-Thin.otf"; path = "GreenRedBlackGame/Panton-Thin.otf"; sourceTree = "<group>"; };
		BBE0DF3C1A578A9900CDDABA /* partnersinrhyme_CLICK13A.mp3 */ = {isa = PBXFileReference; lastKnownFileType = audio.mp3; path = partnersinrhyme_CLICK13A.mp3; sourceTree = "<group>"; };
		BBE0DF3E1A57932E00CDDABA /* FartSound.mp3 */ = {isa = PBXFileReference; lastKnownFileType = audio.mp3; path = FartSound.mp3; sourceTree = "<group>"; };
		BBE0DF3F1A57932E00CDDABA /* Powerup20.wav */ = {isa = PBXFileReference; lastKnownFileType = audio.wav; path = Powerup20.wav; sourceTree = "<group>"; };
/* End PBXFileReference section */

/* Begin PBXFrameworksBuildPhase section */
		BB2F65221A4F3FEE00E4AD79 /* Frameworks */ = {
			isa = PBXFrameworksBuildPhase;
			buildActionMask = 2147483647;
			files = (
				BB630F2E1B41E0B400E83319 /* Social.framework in Frameworks */,
				BB41C59B1A569032009280DA /* AVFoundation.framework in Frameworks */,
				BB630F301B41E61200E83319 /* GameKit.framework in Frameworks */,
			);
			runOnlyForDeploymentPostprocessing = 0;
		};
		BB2F65401A4F3FEE00E4AD79 /* Frameworks */ = {
			isa = PBXFrameworksBuildPhase;
			buildActionMask = 2147483647;
			files = (
			);
			runOnlyForDeploymentPostprocessing = 0;
		};
/* End PBXFrameworksBuildPhase section */

/* Begin PBXGroup section */
		BB2F651C1A4F3FEE00E4AD79 = {
			isa = PBXGroup;
			children = (
				BB630F4D1B42421400E83319 /* Panton */,
				BB630F2F1B41E61200E83319 /* GameKit.framework */,
				BB630F2D1B41E0B400E83319 /* Social.framework */,
				BB41C59A1A569032009280DA /* AVFoundation.framework */,
				BB5612791A560E7B00897598 /* SceneKit.framework */,
				BB5612771A560E4900897598 /* SpriteKit.framework */,
				BB2F65271A4F3FEE00E4AD79 /* GreenRedBlackGame */,
				BB2F65461A4F3FEE00E4AD79 /* GreenRedBlackGameTests */,
				BB2F65261A4F3FEE00E4AD79 /* Products */,
			);
			sourceTree = "<group>";
		};
		BB2F65261A4F3FEE00E4AD79 /* Products */ = {
			isa = PBXGroup;
			children = (
				BB2F65251A4F3FEE00E4AD79 /* GreenRedBlackGame.app */,
				BB2F65431A4F3FEE00E4AD79 /* GreenRedBlackGameTests.xctest */,
			);
			name = Products;
			sourceTree = "<group>";
		};
		BB2F65271A4F3FEE00E4AD79 /* GreenRedBlackGame */ = {
			isa = PBXGroup;
			children = (
				BB2F652C1A4F3FEE00E4AD79 /* AppDelegate.h */,
				BB2F652D1A4F3FEE00E4AD79 /* AppDelegate.m */,
				BB2F652F1A4F3FEE00E4AD79 /* GameScene.h */,
				BB2F65301A4F3FEE00E4AD79 /* GameScene.m */,
				BB2F65321A4F3FEE00E4AD79 /* GameScene.sks */,
				BB2F65341A4F3FEE00E4AD79 /* GameViewController.h */,
				BB2F65351A4F3FEE00E4AD79 /* GameViewController.m */,
				BB56127B1A56427C00897598 /* MenuScene.h */,
				BB56127C1A56427C00897598 /* MenuScene.m */,
				BB2668191B44EA84006AFBBE /* GreenParticle.sks */,
				BB0EF3FB1B44EEB600C6AAD5 /* RedParticle.sks */,
				BB26681A1B44EA84006AFBBE /* bokeh.png */,
				BB5612751A560DDE00897598 /* MenuScene.sks */,
				BB41C5931A5654C4009280DA /* LoseScene.h */,
				BB41C5941A5654C4009280DA /* LoseScene.m */,
				BB41C5961A567AA4009280DA /* RWGameData.h */,
				BB41C5971A567AA4009280DA /* RWGameData.m */,
				BB2B990D1A609530000E0797 /* UIImage+Mask.h */,
				BB2B990E1A609530000E0797 /* UIImage+Mask.m */,
				BB41C5911A565480009280DA /* LoseScene.sks */,
				BB2F65371A4F3FEE00E4AD79 /* Main.storyboard */,
				BB2F65551A4FBB3C00E4AD79 /* menuViewController.h */,
				BB2F65561A4FBB3C00E4AD79 /* menuViewController.m */,
				BB2F653A1A4F3FEE00E4AD79 /* Images.xcassets */,
				BB2B99131A60DBBA000E0797 /* 25_mask.png */,
				BB41C5991A568F06009280DA /* Sounds */,
				BB2F653C1A4F3FEE00E4AD79 /* LaunchScreen.xib */,
				BB2F65281A4F3FEE00E4AD79 /* Supporting Files */,
			);
			path = GreenRedBlackGame;
			sourceTree = "<group>";
		};
		BB2F65281A4F3FEE00E4AD79 /* Supporting Files */ = {
			isa = PBXGroup;
			children = (
				BB2F65291A4F3FEE00E4AD79 /* Info.plist */,
				BB2F652A1A4F3FEE00E4AD79 /* main.m */,
			);
			name = "Supporting Files";
			sourceTree = "<group>";
		};
		BB2F65461A4F3FEE00E4AD79 /* GreenRedBlackGameTests */ = {
			isa = PBXGroup;
			children = (
				BB2F65491A4F3FEE00E4AD79 /* GreenRedBlackGameTests.m */,
				BB2F65471A4F3FEE00E4AD79 /* Supporting Files */,
			);
			path = GreenRedBlackGameTests;
			sourceTree = "<group>";
		};
		BB2F65471A4F3FEE00E4AD79 /* Supporting Files */ = {
			isa = PBXGroup;
			children = (
				BB2F65481A4F3FEE00E4AD79 /* Info.plist */,
			);
			name = "Supporting Files";
			sourceTree = "<group>";
		};
		BB41C5991A568F06009280DA /* Sounds */ = {
			isa = PBXGroup;
			children = (
				BBE0DF3E1A57932E00CDDABA /* FartSound.mp3 */,
				BB0EF3FD1B45089500C6AAD5 /* Powerup3.wav */,
				BBE0DF3F1A57932E00CDDABA /* Powerup20.wav */,
				BBE0DF3C1A578A9900CDDABA /* partnersinrhyme_CLICK13A.mp3 */,
				BB0B2C131A57133000AC7D50 /* GlassBreaking.m4a */,
				BB41C59C1A56980B009280DA /* ClickSound.wav */,
			);
			name = Sounds;
			sourceTree = "<group>";
		};
		BB630F4D1B42421400E83319 /* Panton */ = {
			isa = PBXGroup;
			children = (
				BB630F3B1B42420E00E83319 /* Panton-Black.otf */,
				BB630F3C1B42420E00E83319 /* Panton-Bold.otf */,
				BB630F3D1B42420E00E83319 /* Panton-ExtraBold.otf */,
				BB630F3E1B42420E00E83319 /* Panton-ExtraLight.otf */,
				BB630F3F1B42420E00E83319 /* Panton-Heavy.otf */,
				BB630F401B42420E00E83319 /* Panton-Light.otf */,
				BB630F411B42420E00E83319 /* Panton-Regular.otf */,
				BB630F421B42420E00E83319 /* Panton-SemiBold.otf */,
				BB630F431B42420E00E83319 /* Panton-Thin.otf */,
			);
			name = Panton;
			sourceTree = "<group>";
		};
/* End PBXGroup section */

/* Begin PBXNativeTarget section */
		BB2F65241A4F3FEE00E4AD79 /* GreenRedBlackGame */ = {
			isa = PBXNativeTarget;
			buildConfigurationList = BB2F654D1A4F3FEE00E4AD79 /* Build configuration list for PBXNativeTarget "GreenRedBlackGame" */;
			buildPhases = (
				BB2F65211A4F3FEE00E4AD79 /* Sources */,
				BB2F65221A4F3FEE00E4AD79 /* Frameworks */,
				BB2F65231A4F3FEE00E4AD79 /* Resources */,
			);
			buildRules = (
			);
			dependencies = (
			);
			name = GreenRedBlackGame;
			productName = GreenRedBlackGame;
			productReference = BB2F65251A4F3FEE00E4AD79 /* GreenRedBlackGame.app */;
			productType = "com.apple.product-type.application";
		};
		BB2F65421A4F3FEE00E4AD79 /* GreenRedBlackGameTests */ = {
			isa = PBXNativeTarget;
			buildConfigurationList = BB2F65501A4F3FEE00E4AD79 /* Build configuration list for PBXNativeTarget "GreenRedBlackGameTests" */;
			buildPhases = (
				BB2F653F1A4F3FEE00E4AD79 /* Sources */,
				BB2F65401A4F3FEE00E4AD79 /* Frameworks */,
				BB2F65411A4F3FEE00E4AD79 /* Resources */,
			);
			buildRules = (
			);
			dependencies = (
				BB2F65451A4F3FEE00E4AD79 /* PBXTargetDependency */,
			);
			name = GreenRedBlackGameTests;
			productName = GreenRedBlackGameTests;
			productReference = BB2F65431A4F3FEE00E4AD79 /* GreenRedBlackGameTests.xctest */;
			productType = "com.apple.product-type.bundle.unit-test";
		};
/* End PBXNativeTarget section */

/* Begin PBXProject section */
		BB2F651D1A4F3FEE00E4AD79 /* Project object */ = {
			isa = PBXProject;
			attributes = {
				LastUpgradeCheck = 0620;
				ORGANIZATIONNAME = "Avery Lamp";
				TargetAttributes = {
					BB2F65241A4F3FEE00E4AD79 = {
						CreatedOnToolsVersion = 6.2;
						DevelopmentTeam = 9XWYL3K4YT;
						SystemCapabilities = {
							com.apple.GameCenter = {
								enabled = 1;
							};
						};
					};
					BB2F65421A4F3FEE00E4AD79 = {
						CreatedOnToolsVersion = 6.2;
						TestTargetID = BB2F65241A4F3FEE00E4AD79;
					};
				};
			};
			buildConfigurationList = BB2F65201A4F3FEE00E4AD79 /* Build configuration list for PBXProject "GreenRedBlackGame" */;
			compatibilityVersion = "Xcode 3.2";
			developmentRegion = English;
			hasScannedForEncodings = 0;
			knownRegions = (
				en,
				Base,
			);
			mainGroup = BB2F651C1A4F3FEE00E4AD79;
			productRefGroup = BB2F65261A4F3FEE00E4AD79 /* Products */;
			projectDirPath = "";
			projectRoot = "";
			targets = (
				BB2F65241A4F3FEE00E4AD79 /* GreenRedBlackGame */,
				BB2F65421A4F3FEE00E4AD79 /* GreenRedBlackGameTests */,
			);
		};
/* End PBXProject section */

/* Begin PBXResourcesBuildPhase section */
		BB2F65231A4F3FEE00E4AD79 /* Resources */ = {
			isa = PBXResourcesBuildPhase;
			buildActionMask = 2147483647;
			files = (
				BB2F653E1A4F3FEE00E4AD79 /* LaunchScreen.xib in Resources */,
				BB630F4A1B42420E00E83319 /* Panton-Regular.otf in Resources */,
				BB41C59D1A56980B009280DA /* ClickSound.wav in Resources */,
				BB630F491B42420E00E83319 /* Panton-Light.otf in Resources */,
				BB41C5921A565480009280DA /* LoseScene.sks in Resources */,
				BBE0DF411A57932E00CDDABA /* Powerup20.wav in Resources */,
				BB630F481B42420E00E83319 /* Panton-Heavy.otf in Resources */,
				BB26681C1B44EA84006AFBBE /* bokeh.png in Resources */,
				BB2B99141A60DBBA000E0797 /* 25_mask.png in Resources */,
				BB630F471B42420E00E83319 /* Panton-ExtraLight.otf in Resources */,
				BBE0DF3D1A578A9900CDDABA /* partnersinrhyme_CLICK13A.mp3 in Resources */,
				BB2F653B1A4F3FEE00E4AD79 /* Images.xcassets in Resources */,
				BBE0DF401A57932E00CDDABA /* FartSound.mp3 in Resources */,
				BB630F4C1B42420E00E83319 /* Panton-Thin.otf in Resources */,
				BB630F441B42420E00E83319 /* Panton-Black.otf in Resources */,
				BB0EF3FE1B45089500C6AAD5 /* Powerup3.wav in Resources */,
				BB2F65331A4F3FEE00E4AD79 /* GameScene.sks in Resources */,
				BB5612761A560DDE00897598 /* MenuScene.sks in Resources */,
				BB0B2C141A57133000AC7D50 /* GlassBreaking.m4a in Resources */,
				BB26681B1B44EA84006AFBBE /* GreenParticle.sks in Resources */,
				BB630F451B42420E00E83319 /* Panton-Bold.otf in Resources */,
				BB2F65391A4F3FEE00E4AD79 /* Main.storyboard in Resources */,
				BB0EF3FC1B44EEB600C6AAD5 /* RedParticle.sks in Resources */,
				BB630F4B1B42420E00E83319 /* Panton-SemiBold.otf in Resources */,
				BB630F461B42420E00E83319 /* Panton-ExtraBold.otf in Resources */,
			);
			runOnlyForDeploymentPostprocessing = 0;
		};
		BB2F65411A4F3FEE00E4AD79 /* Resources */ = {
			isa = PBXResourcesBuildPhase;
			buildActionMask = 2147483647;
			files = (
			);
			runOnlyForDeploymentPostprocessing = 0;
		};
/* End PBXResourcesBuildPhase section */

/* Begin PBXSourcesBuildPhase section */
		BB2F65211A4F3FEE00E4AD79 /* Sources */ = {
			isa = PBXSourcesBuildPhase;
			buildActionMask = 2147483647;
			files = (
				BB2F65361A4F3FEE00E4AD79 /* GameViewController.m in Sources */,
				BB2F652E1A4F3FEE00E4AD79 /* AppDelegate.m in Sources */,
				BB2F65311A4F3FEE00E4AD79 /* GameScene.m in Sources */,
				BB56127D1A56427C00897598 /* MenuScene.m in Sources */,
				BB41C5981A567AA4009280DA /* RWGameData.m in Sources */,
				BB41C5951A5654C4009280DA /* LoseScene.m in Sources */,
				BB2B99101A609530000E0797 /* UIImage+Mask.m in Sources */,
				BB2F652B1A4F3FEE00E4AD79 /* main.m in Sources */,
				BB2F65571A4FBB3C00E4AD79 /* menuViewController.m in Sources */,
			);
			runOnlyForDeploymentPostprocessing = 0;
		};
		BB2F653F1A4F3FEE00E4AD79 /* Sources */ = {
			isa = PBXSourcesBuildPhase;
			buildActionMask = 2147483647;
			files = (
				BB2F654A1A4F3FEE00E4AD79 /* GreenRedBlackGameTests.m in Sources */,
			);
			runOnlyForDeploymentPostprocessing = 0;
		};
/* End PBXSourcesBuildPhase section */

/* Begin PBXTargetDependency section */
		BB2F65451A4F3FEE00E4AD79 /* PBXTargetDependency */ = {
			isa = PBXTargetDependency;
			target = BB2F65241A4F3FEE00E4AD79 /* GreenRedBlackGame */;
			targetProxy = BB2F65441A4F3FEE00E4AD79 /* PBXContainerItemProxy */;
		};
/* End PBXTargetDependency section */

/* Begin PBXVariantGroup section */
		BB2F65371A4F3FEE00E4AD79 /* Main.storyboard */ = {
			isa = PBXVariantGroup;
			children = (
				BB2F65381A4F3FEE00E4AD79 /* Base */,
			);
			name = Main.storyboard;
			sourceTree = "<group>";
		};
		BB2F653C1A4F3FEE00E4AD79 /* LaunchScreen.xib */ = {
			isa = PBXVariantGroup;
			children = (
				BB2F653D1A4F3FEE00E4AD79 /* Base */,
			);
			name = LaunchScreen.xib;
			sourceTree = "<group>";
		};
/* End PBXVariantGroup section */

/* Begin XCBuildConfiguration section */
		BB2F654B1A4F3FEE00E4AD79 /* Debug */ = {
			isa = XCBuildConfiguration;
			buildSettings = {
				ALWAYS_SEARCH_USER_PATHS = NO;
				CLANG_CXX_LANGUAGE_STANDARD = "gnu++0x";
				CLANG_CXX_LIBRARY = "libc++";
				CLANG_ENABLE_MODULES = YES;
				CLANG_ENABLE_OBJC_ARC = YES;
				CLANG_WARN_BOOL_CONVERSION = YES;
				CLANG_WARN_CONSTANT_CONVERSION = YES;
				CLANG_WARN_DIRECT_OBJC_ISA_USAGE = YES_ERROR;
				CLANG_WARN_EMPTY_BODY = YES;
				CLANG_WARN_ENUM_CONVERSION = YES;
				CLANG_WARN_INT_CONVERSION = YES;
				CLANG_WARN_OBJC_ROOT_CLASS = YES_ERROR;
				CLANG_WARN_UNREACHABLE_CODE = YES;
				CLANG_WARN__DUPLICATE_METHOD_MATCH = YES;
				"CODE_SIGN_IDENTITY[sdk=iphoneos*]" = "iPhone Developer";
				COPY_PHASE_STRIP = NO;
				ENABLE_STRICT_OBJC_MSGSEND = YES;
				GCC_C_LANGUAGE_STANDARD = gnu99;
				GCC_DYNAMIC_NO_PIC = NO;
				GCC_OPTIMIZATION_LEVEL = 0;
				GCC_PREPROCESSOR_DEFINITIONS = (
					"DEBUG=1",
					"$(inherited)",
				);
				GCC_SYMBOLS_PRIVATE_EXTERN = NO;
				GCC_WARN_64_TO_32_BIT_CONVERSION = YES;
				GCC_WARN_ABOUT_RETURN_TYPE = YES_ERROR;
				GCC_WARN_UNDECLARED_SELECTOR = YES;
				GCC_WARN_UNINITIALIZED_AUTOS = YES_AGGRESSIVE;
				GCC_WARN_UNUSED_FUNCTION = YES;
				GCC_WARN_UNUSED_VARIABLE = YES;
				IPHONEOS_DEPLOYMENT_TARGET = 8.2;
				MTL_ENABLE_DEBUG_INFO = YES;
				ONLY_ACTIVE_ARCH = YES;
				SDKROOT = iphoneos;
			};
			name = Debug;
		};
		BB2F654C1A4F3FEE00E4AD79 /* Release */ = {
			isa = XCBuildConfiguration;
			buildSettings = {
				ALWAYS_SEARCH_USER_PATHS = NO;
				CLANG_CXX_LANGUAGE_STANDARD = "gnu++0x";
				CLANG_CXX_LIBRARY = "libc++";
				CLANG_ENABLE_MODULES = YES;
				CLANG_ENABLE_OBJC_ARC = YES;
				CLANG_WARN_BOOL_CONVERSION = YES;
				CLANG_WARN_CONSTANT_CONVERSION = YES;
				CLANG_WARN_DIRECT_OBJC_ISA_USAGE = YES_ERROR;
				CLANG_WARN_EMPTY_BODY = YES;
				CLANG_WARN_ENUM_CONVERSION = YES;
				CLANG_WARN_INT_CONVERSION = YES;
				CLANG_WARN_OBJC_ROOT_CLASS = YES_ERROR;
				CLANG_WARN_UNREACHABLE_CODE = YES;
				CLANG_WARN__DUPLICATE_METHOD_MATCH = YES;
				"CODE_SIGN_IDENTITY[sdk=iphoneos*]" = "iPhone Developer";
				COPY_PHASE_STRIP = NO;
				ENABLE_NS_ASSERTIONS = NO;
				ENABLE_STRICT_OBJC_MSGSEND = YES;
				GCC_C_LANGUAGE_STANDARD = gnu99;
				GCC_WARN_64_TO_32_BIT_CONVERSION = YES;
				GCC_WARN_ABOUT_RETURN_TYPE = YES_ERROR;
				GCC_WARN_UNDECLARED_SELECTOR = YES;
				GCC_WARN_UNINITIALIZED_AUTOS = YES_AGGRESSIVE;
				GCC_WARN_UNUSED_FUNCTION = YES;
				GCC_WARN_UNUSED_VARIABLE = YES;
				IPHONEOS_DEPLOYMENT_TARGET = 8.2;
				MTL_ENABLE_DEBUG_INFO = NO;
				SDKROOT = iphoneos;
				VALIDATE_PRODUCT = YES;
			};
			name = Release;
		};
		BB2F654E1A4F3FEE00E4AD79 /* Debug */ = {
			isa = XCBuildConfiguration;
			buildSettings = {
				ASSETCATALOG_COMPILER_APPICON_NAME = AppIcon;
				CODE_SIGN_IDENTITY = "iPhone Developer";
				"CODE_SIGN_IDENTITY[sdk=iphoneos*]" = "iPhone Developer";
				FRAMEWORK_SEARCH_PATHS = (
					"$(inherited)",
					"$(PROJECT_DIR)",
				);
				INFOPLIST_FILE = GreenRedBlackGame/Info.plist;
				IPHONEOS_DEPLOYMENT_TARGET = 8.0;
				LD_RUNPATH_SEARCH_PATHS = "$(inherited) @executable_path/Frameworks";
				PRODUCT_NAME = "$(TARGET_NAME)";
				PROVISIONING_PROFILE = "";
				TARGETED_DEVICE_FAMILY = 1;
			};
			name = Debug;
		};
		BB2F654F1A4F3FEE00E4AD79 /* Release */ = {
			isa = XCBuildConfiguration;
			buildSettings = {
				ASSETCATALOG_COMPILER_APPICON_NAME = AppIcon;
				CODE_SIGN_IDENTITY = "iPhone Developer";
				"CODE_SIGN_IDENTITY[sdk=iphoneos*]" = "iPhone Developer";
				FRAMEWORK_SEARCH_PATHS = (
					"$(inherited)",
					"$(PROJECT_DIR)",
				);
				INFOPLIST_FILE = GreenRedBlackGame/Info.plist;
				IPHONEOS_DEPLOYMENT_TARGET = 8.0;
				LD_RUNPATH_SEARCH_PATHS = "$(inherited) @executable_path/Frameworks";
				PRODUCT_NAME = "$(TARGET_NAME)";
				PROVISIONING_PROFILE = "";
				TARGETED_DEVICE_FAMILY = 1;
			};
			name = Release;
		};
		BB2F65511A4F3FEE00E4AD79 /* Debug */ = {
			isa = XCBuildConfiguration;
			buildSettings = {
				BUNDLE_LOADER = "$(TEST_HOST)";
				FRAMEWORK_SEARCH_PATHS = (
					"$(SDKROOT)/Developer/Library/Frameworks",
					"$(inherited)",
				);
				GCC_PREPROCESSOR_DEFINITIONS = (
					"DEBUG=1",
					"$(inherited)",
				);
				INFOPLIST_FILE = GreenRedBlackGameTests/Info.plist;
				LD_RUNPATH_SEARCH_PATHS = "$(inherited) @executable_path/Frameworks @loader_path/Frameworks";
				PRODUCT_NAME = "$(TARGET_NAME)";
				TEST_HOST = "$(BUILT_PRODUCTS_DIR)/GreenRedBlackGame.app/GreenRedBlackGame";
			};
			name = Debug;
		};
		BB2F65521A4F3FEE00E4AD79 /* Release */ = {
			isa = XCBuildConfiguration;
			buildSettings = {
				BUNDLE_LOADER = "$(TEST_HOST)";
				FRAMEWORK_SEARCH_PATHS = (
					"$(SDKROOT)/Developer/Library/Frameworks",
					"$(inherited)",
				);
				INFOPLIST_FILE = GreenRedBlackGameTests/Info.plist;
				LD_RUNPATH_SEARCH_PATHS = "$(inherited) @executable_path/Frameworks @loader_path/Frameworks";
				PRODUCT_NAME = "$(TARGET_NAME)";
				TEST_HOST = "$(BUILT_PRODUCTS_DIR)/GreenRedBlackGame.app/GreenRedBlackGame";
			};
			name = Release;
		};
/* End XCBuildConfiguration section */

/* Begin XCConfigurationList section */
		BB2F65201A4F3FEE00E4AD79 /* Build configuration list for PBXProject "GreenRedBlackGame" */ = {
			isa = XCConfigurationList;
			buildConfigurations = (
				BB2F654B1A4F3FEE00E4AD79 /* Debug */,
				BB2F654C1A4F3FEE00E4AD79 /* Release */,
			);
			defaultConfigurationIsVisible = 0;
			defaultConfigurationName = Release;
		};
		BB2F654D1A4F3FEE00E4AD79 /* Build configuration list for PBXNativeTarget "GreenRedBlackGame" */ = {
			isa = XCConfigurationList;
			buildConfigurations = (
				BB2F654E1A4F3FEE00E4AD79 /* Debug */,
				BB2F654F1A4F3FEE00E4AD79 /* Release */,
			);
			defaultConfigurationIsVisible = 0;
			defaultConfigurationName = Release;
		};
		BB2F65501A4F3FEE00E4AD79 /* Build configuration list for PBXNativeTarget "GreenRedBlackGameTests" */ = {
			isa = XCConfigurationList;
			buildConfigurations = (
				BB2F65511A4F3FEE00E4AD79 /* Debug */,
				BB2F65521A4F3FEE00E4AD79 /* Release */,
			);
			defaultConfigurationIsVisible = 0;
			defaultConfigurationName = Release;
		};
/* End XCConfigurationList section */
	};
	rootObject = BB2F651D1A4F3FEE00E4AD79 /* Project object */;
}
